PODS:
  - Flutter (1.0.0)
  - flutter_voice_processor (1.1.0):
    - Flutter
    - ios-voice-processor (~> 1.1.0)
  - integration_test (0.0.1):
    - Flutter
  - ios-voice-processor (1.1.0)
  - Leopard-iOS (2.0.0)
  - leopard_flutter (2.0.0):
    - Flutter
    - Leopard-iOS (~> 2.0.0)
  - path_provider_ios (0.0.1):
    - Flutter

DEPENDENCIES:
  - Flutter (from `Flutter`)
  - flutter_voice_processor (from `.symlinks/plugins/flutter_voice_processor/ios`)
  - integration_test (from `.symlinks/plugins/integration_test/ios`)
  - Leopard-iOS (~> 2.0.0)
  - leopard_flutter (from `.symlinks/plugins/leopard_flutter/ios`)
  - path_provider_ios (from `.symlinks/plugins/path_provider_ios/ios`)

SPEC REPOS:
  trunk:
    - ios-voice-processor
    - Leopard-iOS

EXTERNAL SOURCES:
  Flutter:
    :path: Flutter
  flutter_voice_processor:
    :path: ".symlinks/plugins/flutter_voice_processor/ios"
  integration_test:
    :path: ".symlinks/plugins/integration_test/ios"
  leopard_flutter:
    :path: ".symlinks/plugins/leopard_flutter/ios"
  path_provider_ios:
    :path: ".symlinks/plugins/path_provider_ios/ios"

SPEC CHECKSUMS:
  Flutter: f04841e97a9d0b0a8025694d0796dd46242b2854
  flutter_voice_processor: 53afbf59ad3feb82f4a379fea9ed8dc98495210f
  integration_test: 13825b8a9334a850581300559b8839134b124670
  ios-voice-processor: 8e32d7f980a06d392d128ef1cd19cf6ddcaca3c1
  Leopard-iOS: ba60cf23fb79ffc01bbefbbd4e063cb2a102f352
  leopard_flutter: 7e55a7ee805767993c1a619bb42d9ea27cc0e557
  path_provider_ios: 14f3d2fd28c4fdb42f44e0f751d12861c43cee02

PODFILE CHECKSUM: 6ed218c2faead9ce1b148555a3a1ee47d8258622

COCOAPODS: 1.11.3
