// !$*UTF8*$!
{
	archiveVersion = 1;
	classes = {
	};
	objectVersion = 60;
	objects = {

/* Begin PBXBuildFile section */
		0BDFC0A822E9A2F6228E92A8 /* (null) in Frameworks */ = {isa = PBXBuildFile; };
		1E00651627CFEF00006FF6E9 /* AppDelegate.swift in Sources */ = {isa = PBXBuildFile; fileRef = 1E00651527CFEF00006FF6E9 /* AppDelegate.swift */; };
		1E00651A27CFEF00006FF6E9 /* ViewController.swift in Sources */ = {isa = PBXBuildFile; fileRef = 1E00651927CFEF00006FF6E9 /* ViewController.swift */; };
		1E00651D27CFEF00006FF6E9 /* Main.storyboard in Resources */ = {isa = PBXBuildFile; fileRef = 1E00651B27CFEF00006FF6E9 /* Main.storyboard */; };
		1E00651F27CFEF02006FF6E9 /* Assets.xcassets in Resources */ = {isa = PBXBuildFile; fileRef = 1E00651E27CFEF02006FF6E9 /* Assets.xcassets */; };
		1E00652227CFEF02006FF6E9 /* LaunchScreen.storyboard in Resources */ = {isa = PBXBuildFile; fileRef = 1E00652027CFEF02006FF6E9 /* LaunchScreen.storyboard */; };
		1E00653727CFEF02006FF6E9 /* LeopardAppTestUITests.swift in Sources */ = {isa = PBXBuildFile; fileRef = 1E00653627CFEF02006FF6E9 /* LeopardAppTestUITests.swift */; };
		1E5B7B1A2800E2B200F8BDDB /* PerformanceTest.swift in Sources */ = {isa = PBXBuildFile; fileRef = 1E5B7B192800E2B200F8BDDB /* PerformanceTest.swift */; };
		1E5B7B1E2800E2DA00F8BDDB /* test.wav in Resources */ = {isa = PBXBuildFile; fileRef = 1E5B7B1D2800E2DA00F8BDDB /* test.wav */; };
		1E5B7B202800E2E300F8BDDB /* leopard_params.pv in Resources */ = {isa = PBXBuildFile; fileRef = 1E5B7B1F2800E2E300F8BDDB /* leopard_params.pv */; };
		C7C8601229CBA3A300EB6E87 /* test_resources in Resources */ = {isa = PBXBuildFile; fileRef = C7C8601129CBA3A300EB6E87 /* test_resources */; };
		E1577CA52CF7F69800CB78C2 /* Leopard in Frameworks */ = {isa = PBXBuildFile; productRef = E1577CA42CF7F69800CB78C2 /* Leopard */; };
		E1577CA72CF7F69D00CB78C2 /* Leopard in Frameworks */ = {isa = PBXBuildFile; productRef = E1577CA62CF7F69D00CB78C2 /* Leopard */; };
		E1577CA92CF7F6A100CB78C2 /* Leopard in Frameworks */ = {isa = PBXBuildFile; productRef = E1577CA82CF7F6A100CB78C2 /* Leopard */; };
/* End PBXBuildFile section */

/* Begin PBXContainerItemProxy section */
		1E00653327CFEF02006FF6E9 /* PBXContainerItemProxy */ = {
			isa = PBXContainerItemProxy;
			containerPortal = 1E00650A27CFEF00006FF6E9 /* Project object */;
			proxyType = 1;
			remoteGlobalIDString = 1E00651127CFEF00006FF6E9;
			remoteInfo = LeopardAppTest;
		};
		1E5B7B0A2800E21D00F8BDDB /* PBXContainerItemProxy */ = {
			isa = PBXContainerItemProxy;
			containerPortal = 1E00650A27CFEF00006FF6E9 /* Project object */;
			proxyType = 1;
			remoteGlobalIDString = 1E00651127CFEF00006FF6E9;
			remoteInfo = LeopardAppTest;
		};
/* End PBXContainerItemProxy section */

/* Begin PBXFileReference section */
		1E00651227CFEF00006FF6E9 /* LeopardAppTest.app */ = {isa = PBXFileReference; explicitFileType = wrapper.application; includeInIndex = 0; path = LeopardAppTest.app; sourceTree = BUILT_PRODUCTS_DIR; };
		1E00651527CFEF00006FF6E9 /* AppDelegate.swift */ = {isa = PBXFileReference; lastKnownFileType = sourcecode.swift; path = AppDelegate.swift; sourceTree = "<group>"; };
		1E00651927CFEF00006FF6E9 /* ViewController.swift */ = {isa = PBXFileReference; lastKnownFileType = sourcecode.swift; path = ViewController.swift; sourceTree = "<group>"; };
		1E00651C27CFEF00006FF6E9 /* Base */ = {isa = PBXFileReference; lastKnownFileType = file.storyboard; name = Base; path = Base.lproj/Main.storyboard; sourceTree = "<group>"; };
		1E00651E27CFEF02006FF6E9 /* Assets.xcassets */ = {isa = PBXFileReference; lastKnownFileType = folder.assetcatalog; path = Assets.xcassets; sourceTree = "<group>"; };
		1E00652127CFEF02006FF6E9 /* Base */ = {isa = PBXFileReference; lastKnownFileType = file.storyboard; name = Base; path = Base.lproj/LaunchScreen.storyboard; sourceTree = "<group>"; };
		1E00652327CFEF02006FF6E9 /* Info.plist */ = {isa = PBXFileReference; lastKnownFileType = text.plist.xml; path = Info.plist; sourceTree = "<group>"; };
		1E00653227CFEF02006FF6E9 /* LeopardAppTestUITests.xctest */ = {isa = PBXFileReference; explicitFileType = wrapper.cfbundle; includeInIndex = 0; path = LeopardAppTestUITests.xctest; sourceTree = BUILT_PRODUCTS_DIR; };
		1E00653627CFEF02006FF6E9 /* LeopardAppTestUITests.swift */ = {isa = PBXFileReference; lastKnownFileType = sourcecode.swift; path = LeopardAppTestUITests.swift; sourceTree = "<group>"; };
		1E00658727CFF9A9006FF6E9 /* Info.plist */ = {isa = PBXFileReference; lastKnownFileType = text.plist.xml; path = Info.plist; sourceTree = "<group>"; };
		1E5B7B172800E21D00F8BDDB /* PerformanceTest.xctest */ = {isa = PBXFileReference; explicitFileType = wrapper.cfbundle; includeInIndex = 0; path = PerformanceTest.xctest; sourceTree = BUILT_PRODUCTS_DIR; };
		1E5B7B192800E2B200F8BDDB /* PerformanceTest.swift */ = {isa = PBXFileReference; lastKnownFileType = sourcecode.swift; path = PerformanceTest.swift; sourceTree = "<group>"; };
		1E5B7B1B2800E2C500F8BDDB /* Info.plist */ = {isa = PBXFileReference; fileEncoding = 4; lastKnownFileType = text.plist.xml; path = Info.plist; sourceTree = "<group>"; };
		1E5B7B1D2800E2DA00F8BDDB /* test.wav */ = {isa = PBXFileReference; lastKnownFileType = audio.wav; name = test.wav; path = ../../../../resources/audio_samples/test.wav; sourceTree = "<group>"; };
		1E5B7B1F2800E2E300F8BDDB /* leopard_params.pv */ = {isa = PBXFileReference; lastKnownFileType = file; name = leopard_params.pv; path = ../../../../lib/common/leopard_params.pv; sourceTree = "<group>"; };
		C7C8601129CBA3A300EB6E87 /* test_resources */ = {isa = PBXFileReference; lastKnownFileType = folder; path = test_resources; sourceTree = "<group>"; };
/* End PBXFileReference section */

/* Begin PBXFrameworksBuildPhase section */
		1E00650F27CFEF00006FF6E9 /* Frameworks */ = {
			isa = PBXFrameworksBuildPhase;
			buildActionMask = 2147483647;
			files = (
				E1577CA52CF7F69800CB78C2 /* Leopard in Frameworks */,
			);
			runOnlyForDeploymentPostprocessing = 0;
		};
		1E00652F27CFEF02006FF6E9 /* Frameworks */ = {
			isa = PBXFrameworksBuildPhase;
			buildActionMask = 2147483647;
			files = (
				E1577CA72CF7F69D00CB78C2 /* Leopard in Frameworks */,
				0BDFC0A822E9A2F6228E92A8 /* (null) in Frameworks */,
			);
			runOnlyForDeploymentPostprocessing = 0;
		};
		1E5B7B0E2800E21D00F8BDDB /* Frameworks */ = {
			isa = PBXFrameworksBuildPhase;
			buildActionMask = 2147483647;
			files = (
				E1577CA92CF7F6A100CB78C2 /* Leopard in Frameworks */,
			);
			runOnlyForDeploymentPostprocessing = 0;
		};
/* End PBXFrameworksBuildPhase section */

/* Begin PBXGroup section */
		1E00650927CFEF00006FF6E9 = {
			isa = PBXGroup;
			children = (
				1E5B7B182800E2A100F8BDDB /* PerformanceTest */,
				1E00651427CFEF00006FF6E9 /* LeopardAppTest */,
				1E00653527CFEF02006FF6E9 /* LeopardAppTestUITests */,
				E1577CA32CF7F69800CB78C2 /* Frameworks */,
				1E00651327CFEF00006FF6E9 /* Products */,
			);
			sourceTree = "<group>";
		};
		1E00651327CFEF00006FF6E9 /* Products */ = {
			isa = PBXGroup;
			children = (
				1E00651227CFEF00006FF6E9 /* LeopardAppTest.app */,
				1E00653227CFEF02006FF6E9 /* LeopardAppTestUITests.xctest */,
				1E5B7B172800E21D00F8BDDB /* PerformanceTest.xctest */,
			);
			name = Products;
			sourceTree = "<group>";
		};
		1E00651427CFEF00006FF6E9 /* LeopardAppTest */ = {
			isa = PBXGroup;
			children = (
				1E00651527CFEF00006FF6E9 /* AppDelegate.swift */,
				1E00651927CFEF00006FF6E9 /* ViewController.swift */,
				1E00651B27CFEF00006FF6E9 /* Main.storyboard */,
				1E00651E27CFEF02006FF6E9 /* Assets.xcassets */,
				1E00652027CFEF02006FF6E9 /* LaunchScreen.storyboard */,
				1E00652327CFEF02006FF6E9 /* Info.plist */,
			);
			path = LeopardAppTest;
			sourceTree = "<group>";
		};
		1E00653527CFEF02006FF6E9 /* LeopardAppTestUITests */ = {
			isa = PBXGroup;
			children = (
				C7C8601129CBA3A300EB6E87 /* test_resources */,
				1E00653627CFEF02006FF6E9 /* LeopardAppTestUITests.swift */,
				1E00658727CFF9A9006FF6E9 /* Info.plist */,
			);
			path = LeopardAppTestUITests;
			sourceTree = "<group>";
		};
		1E5B7B182800E2A100F8BDDB /* PerformanceTest */ = {
			isa = PBXGroup;
			children = (
				1E5B7B192800E2B200F8BDDB /* PerformanceTest.swift */,
				1E5B7B1B2800E2C500F8BDDB /* Info.plist */,
				1E5B7B1D2800E2DA00F8BDDB /* test.wav */,
				1E5B7B1F2800E2E300F8BDDB /* leopard_params.pv */,
			);
			path = PerformanceTest;
			sourceTree = "<group>";
		};
		E1577CA32CF7F69800CB78C2 /* Frameworks */ = {
			isa = PBXGroup;
			children = (
			);
			name = Frameworks;
			sourceTree = "<group>";
		};
/* End PBXGroup section */

/* Begin PBXNativeTarget section */
		1E00651127CFEF00006FF6E9 /* LeopardAppTest */ = {
			isa = PBXNativeTarget;
			buildConfigurationList = 1E00653C27CFEF02006FF6E9 /* Build configuration list for PBXNativeTarget "LeopardAppTest" */;
			buildPhases = (
				1E00650E27CFEF00006FF6E9 /* Sources */,
				1E00650F27CFEF00006FF6E9 /* Frameworks */,
				1E00651027CFEF00006FF6E9 /* Resources */,
			);
			buildRules = (
			);
			dependencies = (
			);
			name = LeopardAppTest;
			productName = LeopardAppTest;
			productReference = 1E00651227CFEF00006FF6E9 /* LeopardAppTest.app */;
			productType = "com.apple.product-type.application";
		};
		1E00653127CFEF02006FF6E9 /* LeopardAppTestUITests */ = {
			isa = PBXNativeTarget;
			buildConfigurationList = 1E00654227CFEF02006FF6E9 /* Build configuration list for PBXNativeTarget "LeopardAppTestUITests" */;
			buildPhases = (
				1E00652E27CFEF02006FF6E9 /* Sources */,
				1E00652F27CFEF02006FF6E9 /* Frameworks */,
				1E00653027CFEF02006FF6E9 /* Resources */,
			);
			buildRules = (
			);
			dependencies = (
				1E00653427CFEF02006FF6E9 /* PBXTargetDependency */,
			);
			name = LeopardAppTestUITests;
			productName = LeopardAppTestUITests;
			productReference = 1E00653227CFEF02006FF6E9 /* LeopardAppTestUITests.xctest */;
			productType = "com.apple.product-type.bundle.ui-testing";
		};
		1E5B7B082800E21D00F8BDDB /* PerformanceTest */ = {
			isa = PBXNativeTarget;
			buildConfigurationList = 1E5B7B142800E21D00F8BDDB /* Build configuration list for PBXNativeTarget "PerformanceTest" */;
			buildPhases = (
				1E5B7B0C2800E21D00F8BDDB /* Sources */,
				1E5B7B0E2800E21D00F8BDDB /* Frameworks */,
				1E5B7B102800E21D00F8BDDB /* Resources */,
			);
			buildRules = (
			);
			dependencies = (
				1E5B7B092800E21D00F8BDDB /* PBXTargetDependency */,
			);
			name = PerformanceTest;
			productName = LeopardAppTestUITests;
			productReference = 1E5B7B172800E21D00F8BDDB /* PerformanceTest.xctest */;
			productType = "com.apple.product-type.bundle.ui-testing";
		};
/* End PBXNativeTarget section */

/* Begin PBXProject section */
		1E00650A27CFEF00006FF6E9 /* Project object */ = {
			isa = PBXProject;
			attributes = {
				BuildIndependentTargetsInParallel = 1;
				LastSwiftUpdateCheck = 1320;
				LastUpgradeCheck = 1320;
				TargetAttributes = {
					1E00651127CFEF00006FF6E9 = {
						CreatedOnToolsVersion = 13.2.1;
					};
					1E00653127CFEF02006FF6E9 = {
						CreatedOnToolsVersion = 13.2.1;
						TestTargetID = 1E00651127CFEF00006FF6E9;
					};
					1E5B7B082800E21D00F8BDDB = {
						TestTargetID = 1E00651127CFEF00006FF6E9;
					};
				};
			};
			buildConfigurationList = 1E00650D27CFEF00006FF6E9 /* Build configuration list for PBXProject "LeopardAppTest" */;
			compatibilityVersion = "Xcode 13.0";
			developmentRegion = en;
			hasScannedForEncodings = 0;
			knownRegions = (
				en,
				Base,
			);
			mainGroup = 1E00650927CFEF00006FF6E9;
			packageReferences = (
				E1B2D77A2CF68EAF00A28024 /* XCLocalSwiftPackageReference "../../../../leopard" */,
			);
			productRefGroup = 1E00651327CFEF00006FF6E9 /* Products */;
			projectDirPath = "";
			projectRoot = "";
			targets = (
				1E00651127CFEF00006FF6E9 /* LeopardAppTest */,
				1E00653127CFEF02006FF6E9 /* LeopardAppTestUITests */,
				1E5B7B082800E21D00F8BDDB /* PerformanceTest */,
			);
		};
/* End PBXProject section */

/* Begin PBXResourcesBuildPhase section */
		1E00651027CFEF00006FF6E9 /* Resources */ = {
			isa = PBXResourcesBuildPhase;
			buildActionMask = 2147483647;
			files = (
				1E00652227CFEF02006FF6E9 /* LaunchScreen.storyboard in Resources */,
				1E00651F27CFEF02006FF6E9 /* Assets.xcassets in Resources */,
				1E00651D27CFEF00006FF6E9 /* Main.storyboard in Resources */,
			);
			runOnlyForDeploymentPostprocessing = 0;
		};
		1E00653027CFEF02006FF6E9 /* Resources */ = {
			isa = PBXResourcesBuildPhase;
			buildActionMask = 2147483647;
			files = (
				C7C8601229CBA3A300EB6E87 /* test_resources in Resources */,
			);
			runOnlyForDeploymentPostprocessing = 0;
		};
		1E5B7B102800E21D00F8BDDB /* Resources */ = {
			isa = PBXResourcesBuildPhase;
			buildActionMask = 2147483647;
			files = (
				1E5B7B1E2800E2DA00F8BDDB /* test.wav in Resources */,
				1E5B7B202800E2E300F8BDDB /* leopard_params.pv in Resources */,
			);
			runOnlyForDeploymentPostprocessing = 0;
		};
/* End PBXResourcesBuildPhase section */

/* Begin PBXSourcesBuildPhase section */
		1E00650E27CFEF00006FF6E9 /* Sources */ = {
			isa = PBXSourcesBuildPhase;
			buildActionMask = 2147483647;
			files = (
				1E00651A27CFEF00006FF6E9 /* ViewController.swift in Sources */,
				1E00651627CFEF00006FF6E9 /* AppDelegate.swift in Sources */,
			);
			runOnlyForDeploymentPostprocessing = 0;
		};
		1E00652E27CFEF02006FF6E9 /* Sources */ = {
			isa = PBXSourcesBuildPhase;
			buildActionMask = 2147483647;
			files = (
				1E00653727CFEF02006FF6E9 /* LeopardAppTestUITests.swift in Sources */,
			);
			runOnlyForDeploymentPostprocessing = 0;
		};
		1E5B7B0C2800E21D00F8BDDB /* Sources */ = {
			isa = PBXSourcesBuildPhase;
			buildActionMask = 2147483647;
			files = (
				1E5B7B1A2800E2B200F8BDDB /* PerformanceTest.swift in Sources */,
			);
			runOnlyForDeploymentPostprocessing = 0;
		};
/* End PBXSourcesBuildPhase section */

/* Begin PBXTargetDependency section */
		1E00653427CFEF02006FF6E9 /* PBXTargetDependency */ = {
			isa = PBXTargetDependency;
			target = 1E00651127CFEF00006FF6E9 /* LeopardAppTest */;
			targetProxy = 1E00653327CFEF02006FF6E9 /* PBXContainerItemProxy */;
		};
		1E5B7B092800E21D00F8BDDB /* PBXTargetDependency */ = {
			isa = PBXTargetDependency;
			target = 1E00651127CFEF00006FF6E9 /* LeopardAppTest */;
			targetProxy = 1E5B7B0A2800E21D00F8BDDB /* PBXContainerItemProxy */;
		};
/* End PBXTargetDependency section */

/* Begin PBXVariantGroup section */
		1E00651B27CFEF00006FF6E9 /* Main.storyboard */ = {
			isa = PBXVariantGroup;
			children = (
				1E00651C27CFEF00006FF6E9 /* Base */,
			);
			name = Main.storyboard;
			sourceTree = "<group>";
		};
		1E00652027CFEF02006FF6E9 /* LaunchScreen.storyboard */ = {
			isa = PBXVariantGroup;
			children = (
				1E00652127CFEF02006FF6E9 /* Base */,
			);
			name = LaunchScreen.storyboard;
			sourceTree = "<group>";
		};
/* End PBXVariantGroup section */

/* Begin XCBuildConfiguration section */
		1E00653A27CFEF02006FF6E9 /* Debug */ = {
			isa = XCBuildConfiguration;
			buildSettings = {
				ALWAYS_SEARCH_USER_PATHS = NO;
				CLANG_ANALYZER_NONNULL = YES;
				CLANG_ANALYZER_NUMBER_OBJECT_CONVERSION = YES_AGGRESSIVE;
				CLANG_CXX_LANGUAGE_STANDARD = "gnu++17";
				CLANG_CXX_LIBRARY = "libc++";
				CLANG_ENABLE_MODULES = YES;
				CLANG_ENABLE_OBJC_ARC = YES;
				CLANG_ENABLE_OBJC_WEAK = YES;
				CLANG_WARN_BLOCK_CAPTURE_AUTORELEASING = YES;
				CLANG_WARN_BOOL_CONVERSION = YES;
				CLANG_WARN_COMMA = YES;
				CLANG_WARN_CONSTANT_CONVERSION = YES;
				CLANG_WARN_DEPRECATED_OBJC_IMPLEMENTATIONS = YES;
				CLANG_WARN_DIRECT_OBJC_ISA_USAGE = YES_ERROR;
				CLANG_WARN_DOCUMENTATION_COMMENTS = YES;
				CLANG_WARN_EMPTY_BODY = YES;
				CLANG_WARN_ENUM_CONVERSION = YES;
				CLANG_WARN_INFINITE_RECURSION = YES;
				CLANG_WARN_INT_CONVERSION = YES;
				CLANG_WARN_NON_LITERAL_NULL_CONVERSION = YES;
				CLANG_WARN_OBJC_IMPLICIT_RETAIN_SELF = YES;
				CLANG_WARN_OBJC_LITERAL_CONVERSION = YES;
				CLANG_WARN_OBJC_ROOT_CLASS = YES_ERROR;
				CLANG_WARN_QUOTED_INCLUDE_IN_FRAMEWORK_HEADER = YES;
				CLANG_WARN_RANGE_LOOP_ANALYSIS = YES;
				CLANG_WARN_STRICT_PROTOTYPES = YES;
				CLANG_WARN_SUSPICIOUS_MOVE = YES;
				CLANG_WARN_UNGUARDED_AVAILABILITY = YES_AGGRESSIVE;
				CLANG_WARN_UNREACHABLE_CODE = YES;
				CLANG_WARN__DUPLICATE_METHOD_MATCH = YES;
				COPY_PHASE_STRIP = NO;
				DEBUG_INFORMATION_FORMAT = dwarf;
				ENABLE_STRICT_OBJC_MSGSEND = YES;
				ENABLE_TESTABILITY = YES;
				GCC_C_LANGUAGE_STANDARD = gnu11;
				GCC_DYNAMIC_NO_PIC = NO;
				GCC_NO_COMMON_BLOCKS = YES;
				GCC_OPTIMIZATION_LEVEL = 0;
				GCC_PREPROCESSOR_DEFINITIONS = (
					"DEBUG=1",
					"$(inherited)",
				);
				GCC_WARN_64_TO_32_BIT_CONVERSION = YES;
				GCC_WARN_ABOUT_RETURN_TYPE = YES_ERROR;
				GCC_WARN_UNDECLARED_SELECTOR = YES;
				GCC_WARN_UNINITIALIZED_AUTOS = YES_AGGRESSIVE;
				GCC_WARN_UNUSED_FUNCTION = YES;
				GCC_WARN_UNUSED_VARIABLE = YES;
				IPHONEOS_DEPLOYMENT_TARGET = 11.0;
				MTL_ENABLE_DEBUG_INFO = YES;
				ONLY_ACTIVE_ARCH = YES;
				SDKROOT = iphoneos;
				SWIFT_ACTIVE_COMPILATION_CONDITIONS = DEBUG;
				SWIFT_OPTIMIZATION_LEVEL = "-Onone";
			};
			name = Debug;
		};
		1E00653B27CFEF02006FF6E9 /* Release */ = {
			isa = XCBuildConfiguration;
			buildSettings = {
				ALWAYS_SEARCH_USER_PATHS = NO;
				CLANG_ANALYZER_NONNULL = YES;
				CLANG_ANALYZER_NUMBER_OBJECT_CONVERSION = YES_AGGRESSIVE;
				CLANG_CXX_LANGUAGE_STANDARD = "gnu++17";
				CLANG_CXX_LIBRARY = "libc++";
				CLANG_ENABLE_MODULES = YES;
				CLANG_ENABLE_OBJC_ARC = YES;
				CLANG_ENABLE_OBJC_WEAK = YES;
				CLANG_WARN_BLOCK_CAPTURE_AUTORELEASING = YES;
				CLANG_WARN_BOOL_CONVERSION = YES;
				CLANG_WARN_COMMA = YES;
				CLANG_WARN_CONSTANT_CONVERSION = YES;
				CLANG_WARN_DEPRECATED_OBJC_IMPLEMENTATIONS = YES;
				CLANG_WARN_DIRECT_OBJC_ISA_USAGE = YES_ERROR;
				CLANG_WARN_DOCUMENTATION_COMMENTS = YES;
				CLANG_WARN_EMPTY_BODY = YES;
				CLANG_WARN_ENUM_CONVERSION = YES;
				CLANG_WARN_INFINITE_RECURSION = YES;
				CLANG_WARN_INT_CONVERSION = YES;
				CLANG_WARN_NON_LITERAL_NULL_CONVERSION = YES;
				CLANG_WARN_OBJC_IMPLICIT_RETAIN_SELF = YES;
				CLANG_WARN_OBJC_LITERAL_CONVERSION = YES;
				CLANG_WARN_OBJC_ROOT_CLASS = YES_ERROR;
				CLANG_WARN_QUOTED_INCLUDE_IN_FRAMEWORK_HEADER = YES;
				CLANG_WARN_RANGE_LOOP_ANALYSIS = YES;
				CLANG_WARN_STRICT_PROTOTYPES = YES;
				CLANG_WARN_SUSPICIOUS_MOVE = YES;
				CLANG_WARN_UNGUARDED_AVAILABILITY = YES_AGGRESSIVE;
				CLANG_WARN_UNREACHABLE_CODE = YES;
				CLANG_WARN__DUPLICATE_METHOD_MATCH = YES;
				COPY_PHASE_STRIP = NO;
				DEBUG_INFORMATION_FORMAT = "dwarf-with-dsym";
				ENABLE_NS_ASSERTIONS = NO;
				ENABLE_STRICT_OBJC_MSGSEND = YES;
				GCC_C_LANGUAGE_STANDARD = gnu11;
				GCC_NO_COMMON_BLOCKS = YES;
				GCC_WARN_64_TO_32_BIT_CONVERSION = YES;
				GCC_WARN_ABOUT_RETURN_TYPE = YES_ERROR;
				GCC_WARN_UNDECLARED_SELECTOR = YES;
				GCC_WARN_UNINITIALIZED_AUTOS = YES_AGGRESSIVE;
				GCC_WARN_UNUSED_FUNCTION = YES;
				GCC_WARN_UNUSED_VARIABLE = YES;
				IPHONEOS_DEPLOYMENT_TARGET = 11.0;
				MTL_ENABLE_DEBUG_INFO = NO;
				SDKROOT = iphoneos;
				SWIFT_COMPILATION_MODE = wholemodule;
				SWIFT_OPTIMIZATION_LEVEL = "-O";
				VALIDATE_PRODUCT = YES;
			};
			name = Release;
		};
		1E00653D27CFEF02006FF6E9 /* Debug */ = {
			isa = XCBuildConfiguration;
			buildSettings = {
				ASSETCATALOG_COMPILER_APPICON_NAME = AppIcon;
				ASSETCATALOG_COMPILER_GLOBAL_ACCENT_COLOR_NAME = AccentColor;
				CODE_SIGN_STYLE = Automatic;
				CURRENT_PROJECT_VERSION = 1;
				DEVELOPMENT_TEAM = 65723695GD;
				GENERATE_INFOPLIST_FILE = YES;
				INFOPLIST_FILE = LeopardAppTest/Info.plist;
				INFOPLIST_KEY_UIApplicationSupportsIndirectInputEvents = YES;
				INFOPLIST_KEY_UILaunchStoryboardName = LaunchScreen;
				INFOPLIST_KEY_UIMainStoryboardFile = Main;
				INFOPLIST_KEY_UISupportedInterfaceOrientations_iPad = "UIInterfaceOrientationPortrait UIInterfaceOrientationPortraitUpsideDown UIInterfaceOrientationLandscapeLeft UIInterfaceOrientationLandscapeRight";
				INFOPLIST_KEY_UISupportedInterfaceOrientations_iPhone = "UIInterfaceOrientationPortrait UIInterfaceOrientationLandscapeLeft UIInterfaceOrientationLandscapeRight";
				IPHONEOS_DEPLOYMENT_TARGET = 13.0;
				LD_RUNPATH_SEARCH_PATHS = (
					"$(inherited)",
					"@executable_path/Frameworks",
				);
				MARKETING_VERSION = 1.0;
				PRODUCT_BUNDLE_IDENTIFIER = ai.picovoice.LeopardAppTest;
				PRODUCT_NAME = "$(TARGET_NAME)";
				SWIFT_EMIT_LOC_STRINGS = YES;
				SWIFT_VERSION = 5.0;
				TARGETED_DEVICE_FAMILY = 1;
			};
			name = Debug;
		};
		1E00653E27CFEF02006FF6E9 /* Release */ = {
			isa = XCBuildConfiguration;
			buildSettings = {
				ASSETCATALOG_COMPILER_APPICON_NAME = AppIcon;
				ASSETCATALOG_COMPILER_GLOBAL_ACCENT_COLOR_NAME = AccentColor;
				CODE_SIGN_STYLE = Automatic;
				CURRENT_PROJECT_VERSION = 1;
				DEVELOPMENT_TEAM = 65723695GD;
				GENERATE_INFOPLIST_FILE = YES;
				INFOPLIST_FILE = LeopardAppTest/Info.plist;
				INFOPLIST_KEY_UIApplicationSupportsIndirectInputEvents = YES;
				INFOPLIST_KEY_UILaunchStoryboardName = LaunchScreen;
				INFOPLIST_KEY_UIMainStoryboardFile = Main;
				INFOPLIST_KEY_UISupportedInterfaceOrientations_iPad = "UIInterfaceOrientationPortrait UIInterfaceOrientationPortraitUpsideDown UIInterfaceOrientationLandscapeLeft UIInterfaceOrientationLandscapeRight";
				INFOPLIST_KEY_UISupportedInterfaceOrientations_iPhone = "UIInterfaceOrientationPortrait UIInterfaceOrientationLandscapeLeft UIInterfaceOrientationLandscapeRight";
				IPHONEOS_DEPLOYMENT_TARGET = 13.0;
				LD_RUNPATH_SEARCH_PATHS = (
					"$(inherited)",
					"@executable_path/Frameworks",
				);
				MARKETING_VERSION = 1.0;
				PRODUCT_BUNDLE_IDENTIFIER = ai.picovoice.LeopardAppTest;
				PRODUCT_NAME = "$(TARGET_NAME)";
				SWIFT_EMIT_LOC_STRINGS = YES;
				SWIFT_VERSION = 5.0;
				TARGETED_DEVICE_FAMILY = 1;
			};
			name = Release;
		};
		1E00654327CFEF02006FF6E9 /* Debug */ = {
			isa = XCBuildConfiguration;
			buildSettings = {
				CODE_SIGN_STYLE = Automatic;
				CURRENT_PROJECT_VERSION = 1;
				DEVELOPMENT_TEAM = 65723695GD;
				GENERATE_INFOPLIST_FILE = YES;
				IPHONEOS_DEPLOYMENT_TARGET = 13.0;
				LD_RUNPATH_SEARCH_PATHS = (
					"$(inherited)",
					"@executable_path/Frameworks",
					"@loader_path/Frameworks",
				);
				MARKETING_VERSION = 1.0;
				PRODUCT_BUNDLE_IDENTIFIER = ai.picovoice.LeopardAppTestUITests;
				PRODUCT_NAME = "$(TARGET_NAME)";
				SWIFT_EMIT_LOC_STRINGS = NO;
				SWIFT_VERSION = 5.0;
				TARGETED_DEVICE_FAMILY = "1,2";
				TEST_TARGET_NAME = LeopardAppTest;
			};
			name = Debug;
		};
		1E00654427CFEF02006FF6E9 /* Release */ = {
			isa = XCBuildConfiguration;
			buildSettings = {
				CODE_SIGN_STYLE = Automatic;
				CURRENT_PROJECT_VERSION = 1;
				DEVELOPMENT_TEAM = 65723695GD;
				GENERATE_INFOPLIST_FILE = YES;
				IPHONEOS_DEPLOYMENT_TARGET = 13.0;
				LD_RUNPATH_SEARCH_PATHS = (
					"$(inherited)",
					"@executable_path/Frameworks",
					"@loader_path/Frameworks",
				);
				MARKETING_VERSION = 1.0;
				PRODUCT_BUNDLE_IDENTIFIER = ai.picovoice.LeopardAppTestUITests;
				PRODUCT_NAME = "$(TARGET_NAME)";
				SWIFT_EMIT_LOC_STRINGS = NO;
				SWIFT_VERSION = 5.0;
				TARGETED_DEVICE_FAMILY = "1,2";
				TEST_TARGET_NAME = LeopardAppTest;
			};
			name = Release;
		};
		1E5B7B152800E21D00F8BDDB /* Debug */ = {
			isa = XCBuildConfiguration;
			buildSettings = {
				CODE_SIGN_STYLE = Automatic;
				CURRENT_PROJECT_VERSION = 1;
				DEVELOPMENT_TEAM = 65723695GD;
				GENERATE_INFOPLIST_FILE = YES;
				IPHONEOS_DEPLOYMENT_TARGET = 13.0;
				LD_RUNPATH_SEARCH_PATHS = (
					"$(inherited)",
					"@executable_path/Frameworks",
					"@loader_path/Frameworks",
				);
				MARKETING_VERSION = 1.0;
				PRODUCT_BUNDLE_IDENTIFIER = ai.picovoice.LeopardAppTestUITests;
				PRODUCT_NAME = "$(TARGET_NAME)";
				SWIFT_EMIT_LOC_STRINGS = NO;
				SWIFT_VERSION = 5.0;
				TARGETED_DEVICE_FAMILY = "1,2";
				TEST_TARGET_NAME = LeopardAppTest;
			};
			name = Debug;
		};
		1E5B7B162800E21D00F8BDDB /* Release */ = {
			isa = XCBuildConfiguration;
			buildSettings = {
				CODE_SIGN_STYLE = Automatic;
				CURRENT_PROJECT_VERSION = 1;
				DEVELOPMENT_TEAM = 65723695GD;
				GENERATE_INFOPLIST_FILE = YES;
				IPHONEOS_DEPLOYMENT_TARGET = 13.0;
				LD_RUNPATH_SEARCH_PATHS = (
					"$(inherited)",
					"@executable_path/Frameworks",
					"@loader_path/Frameworks",
				);
				MARKETING_VERSION = 1.0;
				PRODUCT_BUNDLE_IDENTIFIER = ai.picovoice.LeopardAppTestUITests;
				PRODUCT_NAME = "$(TARGET_NAME)";
				SWIFT_EMIT_LOC_STRINGS = NO;
				SWIFT_VERSION = 5.0;
				TARGETED_DEVICE_FAMILY = "1,2";
				TEST_TARGET_NAME = LeopardAppTest;
			};
			name = Release;
		};
/* End XCBuildConfiguration section */

/* Begin XCConfigurationList section */
		1E00650D27CFEF00006FF6E9 /* Build configuration list for PBXProject "LeopardAppTest" */ = {
			isa = XCConfigurationList;
			buildConfigurations = (
				1E00653A27CFEF02006FF6E9 /* Debug */,
				1E00653B27CFEF02006FF6E9 /* Release */,
			);
			defaultConfigurationIsVisible = 0;
			defaultConfigurationName = Release;
		};
		1E00653C27CFEF02006FF6E9 /* Build configuration list for PBXNativeTarget "LeopardAppTest" */ = {
			isa = XCConfigurationList;
			buildConfigurations = (
				1E00653D27CFEF02006FF6E9 /* Debug */,
				1E00653E27CFEF02006FF6E9 /* Release */,
			);
			defaultConfigurationIsVisible = 0;
			defaultConfigurationName = Release;
		};
		1E00654227CFEF02006FF6E9 /* Build configuration list for PBXNativeTarget "LeopardAppTestUITests" */ = {
			isa = XCConfigurationList;
			buildConfigurations = (
				1E00654327CFEF02006FF6E9 /* Debug */,
				1E00654427CFEF02006FF6E9 /* Release */,
			);
			defaultConfigurationIsVisible = 0;
			defaultConfigurationName = Release;
		};
		1E5B7B142800E21D00F8BDDB /* Build configuration list for PBXNativeTarget "PerformanceTest" */ = {
			isa = XCConfigurationList;
			buildConfigurations = (
				1E5B7B152800E21D00F8BDDB /* Debug */,
				1E5B7B162800E21D00F8BDDB /* Release */,
			);
			defaultConfigurationIsVisible = 0;
			defaultConfigurationName = Release;
		};
/* End XCConfigurationList section */

/* Begin XCLocalSwiftPackageReference section */
		E1B2D77A2CF68EAF00A28024 /* XCLocalSwiftPackageReference "../../../../leopard" */ = {
			isa = XCLocalSwiftPackageReference;
			relativePath = ../../../../leopard;
		};
/* End XCLocalSwiftPackageReference section */

/* Begin XCSwiftPackageProductDependency section */
		E1577CA42CF7F69800CB78C2 /* Leopard */ = {
			isa = XCSwiftPackageProductDependency;
			package = E1B2D77A2CF68EAF00A28024 /* XCLocalSwiftPackageReference "../../../../leopard" */;
			productName = Leopard;
		};
		E1577CA62CF7F69D00CB78C2 /* Leopard */ = {
			isa = XCSwiftPackageProductDependency;
			package = E1B2D77A2CF68EAF00A28024 /* XCLocalSwiftPackageReference "../../../../leopard" */;
			productName = Leopard;
		};
		E1577CA82CF7F6A100CB78C2 /* Leopard */ = {
			isa = XCSwiftPackageProductDependency;
			package = E1B2D77A2CF68EAF00A28024 /* XCLocalSwiftPackageReference "../../../../leopard" */;
			productName = Leopard;
		};
/* End XCSwiftPackageProductDependency section */
	};
	rootObject = 1E00650A27CFEF00006FF6E9 /* Project object */;
}
