github.com/Picovoice/leopard/binding/go/v2 v2.0.0-20231121002919-52ce3a2d8268 h1:X0V6i8wC6j4oJD7JeRE3/sqQsS9NqsB0684t7N1ZYs0=
github.com/Picovoice/leopard/binding/go/v2 v2.0.0-20231121002919-52ce3a2d8268/go.mod h1:/rYUeRDH4xBgtwBe9D8BwHIauPJ+M7czqLfyeJQJu7c=
github.com/Picovoice/pvrecorder/binding/go v1.2.1 h1:p99fkYMFbTS4g4WwbhSPkT9PHvlEoVYGaNoqxCITiEo=
github.com/Picovoice/pvrecorder/binding/go v1.2.1/go.mod h1:gQdvBAjoKmRxMFh8W9cVKWcqHsWvu+d13sCPVFm7dhg=
github.com/agnivade/levenshtein v1.1.1 h1:QY8M92nrzkmr798gCo3kmMyqXFzdQVpxLlGPRBij0P8=
github.com/agnivade/levenshtein v1.1.1/go.mod h1:veldBMzWxcCG2ZvUTKD2kJNRdCk5hVbJomOvKkmgYbo=
github.com/arbovm/levenshtein v0.0.0-20160628152529-48b4e1c0c4d0/go.mod h1:t2tdKJDJF9BV14lnkjHmOQgcvEKgtqs5a1N3LNdJhGE=
github.com/dgryski/trifles v0.0.0-20200323201526-dd97f9abfb48/go.mod h1:if7Fbed8SFyPtHLHbg49SI7NAdJiC5WIA09pe59rfAA=
