PODS:
  - Leopard-iOS (2.0.0)

DEPENDENCIES:
  - Leopard-iOS (from `https://raw.githubusercontent.com/Picovoice/leopard/v2.0-ios/binding/ios/Leopard-iOS.podspec`)

EXTERNAL SOURCES:
  Leopard-iOS:
    :podspec: https://raw.githubusercontent.com/Picovoice/leopard/v2.0-ios/binding/ios/Leopard-iOS.podspec

SPEC CHECKSUMS:
  Leopard-iOS: ba60cf23fb79ffc01bbefbbd4e063cb2a102f352

PODFILE CHECKSUM: 92e41046350f29f8b80f058b547b302a229714c1

COCOAPODS: 1.11.3
